
Microsoft Visual Studio Solution File, Format Version 12.00
# Visual Studio 15
VisualStudioVersion = 15.0.26730.10
MinimumVisualStudioVersion = 10.0.40219.1
Project("{FAE04EC0-301F-11D3-BF4B-00C04F79EFBC}") = "finalService", "finalService\finalService.csproj", "{99CB02C2-643D-4EF1-85D3-FF03BFAA6642}"
EndProject
Global
	GlobalSection(SolutionConfigurationPlatforms) = preSolution
		Debug|Any CPU = Debug|Any CPU
		Release|Any CPU = Release|Any CPU
	EndGlobalSection
	GlobalSection(ProjectConfigurationPlatforms) = postSolution
		{99CB02C2-643D-4EF1-85D3-FF03BFAA6642}.Debug|Any CPU.ActiveCfg = Debug|Any CPU
		{99CB02C2-643D-4EF1-85D3-FF03BFAA6642}.Debug|Any CPU.Build.0 = Debug|Any CPU
		{99CB02C2-643D-4EF1-85D3-FF03BFAA6642}.Release|Any CPU.ActiveCfg = Release|Any CPU
		{99CB02C2-643D-4EF1-85D3-FF03BFAA6642}.Release|Any CPU.Build.0 = Release|Any CPU
	EndGlobalSection
	GlobalSection(SolutionProperties) = preSolution
		HideSolutionNode = FALSE
	EndGlobalSection
	GlobalSection(ExtensibilityGlobals) = postSolution
		SolutionGuid = {B59FCFDB-AAF6-4F5C-A5CA-C837E4386316}
	EndGlobalSection
EndGlobal
